<?xml version="1.0" encoding="utf-8"?>
<Project ToolsVersion="4.0" xmlns="http://schemas.microsoft.com/developer/msbuild/2003">
  <ItemGroup>
    <Filter Include="Source Files">
      <UniqueIdentifier>{4FC737F1-C7A5-4376-A066-2A32D752A2FF}</UniqueIdentifier>
      <Extensions>cpp;c;cc;cxx;def;odl;idl;hpj;bat;asm;asmx</Extensions>
    </Filter>
    <Filter Include="Header Files">
      <UniqueIdentifier>{93995380-89BD-4b04-88EB-625FBE52EBFB}</UniqueIdentifier>
      <Extensions>h;hh;hpp;hxx;hm;inl;inc;xsd</Extensions>
    </Filter>
    <Filter Include="Resource Files">
      <UniqueIdentifier>{67DA6AB6-F800-4c08-8B7A-83BB121AAD01}</UniqueIdentifier>
      <Extensions>rc;ico;cur;bmp;dlg;rc2;rct;bin;rgs;gif;jpg;jpeg;jpe;resx;tiff;tif;png;wav;mfcribbon-ms</Extensions>
    </Filter>
    <Filter Include="Header Files\classes">
      <UniqueIdentifier>{db9d920a-3e13-48ea-a48a-246db903e64e}</UniqueIdentifier>
    </Filter>
    <Filter Include="Header Files\classes\3d">
      <UniqueIdentifier>{47721f16-8202-41a1-b631-e078b9bf6bc2}</UniqueIdentifier>
    </Filter>
    <Filter Include="Header Files\classes\2d">
      <UniqueIdentifier>{85ba4a43-d988-4797-a65b-508d246dad51}</UniqueIdentifier>
    </Filter>
    <Filter Include="Header Files\functions">
      <UniqueIdentifier>{3df7fda5-2ca2-4603-a78c-51801ce19df0}</UniqueIdentifier>
    </Filter>
  </ItemGroup>
  <ItemGroup>
    <ClInclude Include="Color.h">
      <Filter>Header Files\classes</Filter>
    </ClInclude>
    <ClInclude Include="Tri.h">
      <Filter>Header Files\classes\3d</Filter>
    </ClInclude>
    <ClInclude Include="Ray.h">
      <Filter>Header Files\classes\3d</Filter>
    </ClInclude>
    <ClInclude Include="Mtl.h">
      <Filter>Header Files\classes</Filter>
    </ClInclude>
    <ClInclude Include="MtlLib.h">
      <Filter>Header Files\classes</Filter>
    </ClInclude>
    <ClInclude Include="Screen.h">
      <Filter>Header Files\classes\2d</Filter>
    </ClInclude>
    <ClInclude Include="Pixel.h">
      <Filter>Header Files\classes\2d</Filter>
    </ClInclude>
    <ClInclude Include="Vec.h">
      <Filter>Header Files\classes\3d</Filter>
    </ClInclude>
    <ClInclude Include="Point.h">
      <Filter>Header Files\classes\3d</Filter>
    </ClInclude>
    <ClInclude Include="IOfunctions.h">
      <Filter>Header Files\functions</Filter>
    </ClInclude>
    <ClInclude Include="example.h">
      <Filter>Header Files</Filter>
    </ClInclude>
    <ClInclude Include="BBox.h">
      <Filter>Header Files\classes\3d</Filter>
    </ClInclude>
    <ClInclude Include="Mesh.h">
      <Filter>Header Files\classes\3d</Filter>
    </ClInclude>
    <ClInclude Include="GeoContainer.h">
      <Filter>Header Files\classes\3d</Filter>
    </ClInclude>
    <ClInclude Include="globals.h">
      <Filter>Resource Files</Filter>
    </ClInclude>
    <ClInclude Include="ymath.h">
      <Filter>Header Files\functions</Filter>
    </ClInclude>
    <ClInclude Include="Scene.h">
      <Filter>Header Files\classes\3d</Filter>
    </ClInclude>
    <ClInclude Include="Shader.h">
      <Filter>Header Files</Filter>
    </ClInclude>
    <ClInclude Include="ShaderLambert.h">
      <Filter>Header Files</Filter>
    </ClInclude>
    <ClInclude Include="ShaderEmissive.h">
      <Filter>Header Files</Filter>
    </ClInclude>
    <ClInclude Include="ShaderReflection.h">
      <Filter>Header Files</Filter>
    </ClInclude>
    <ClInclude Include="resource.h">
      <Filter>Header Files</Filter>
    </ClInclude>
    <ClInclude Include="ShaderFunctions.h">
      <Filter>Header Files</Filter>
    </ClInclude>
  </ItemGroup>
  <ItemGroup>
    <ClCompile Include="Main.cpp">
      <Filter>Source Files</Filter>
    </ClCompile>
    <ClCompile Include="IOfunctions.cpp">
      <Filter>Source Files</Filter>
    </ClCompile>
    <ClCompile Include="example.cpp">
      <Filter>Source Files</Filter>
    </ClCompile>
    <ClCompile Include="ymath.cpp">
      <Filter>Source Files</Filter>
    </ClCompile>
    <ClCompile Include="ShaderFunctions.cpp">
      <Filter>Header Files</Filter>
    </ClCompile>
  </ItemGroup>
  <ItemGroup>
    <None Include="ClassDiagram.cd" />
  </ItemGroup>
  <ItemGroup>
    <ResourceCompile Include="raytracer2.rc">
      <Filter>Resource Files</Filter>
    </ResourceCompile>
  </ItemGroup>
</Project>